
Microsoft Visual Studio Solution File, Format Version 12.00
# Visual Studio Version 17
VisualStudioVersion = 17.3.32819.101
MinimumVisualStudioVersion = 10.0.40219.1
Project("{9A19103F-16F7-4668-BE54-9A1E7A4F7556}") = "NET6Console", "NET6Console\NET6Console.csproj", "{0B217D90-5EAF-4D12-97CD-AADA85E76F6D}"
EndProject
Project("{FAE04EC0-301F-11D3-BF4B-00C04F79EFBC}") = "NETFramworkConsole", "NETFramworkConsole\NETFramworkConsole.csproj", "{410F589B-3740-4033-93A1-F12BADD559B9}"
EndProject
Project("{FAE04EC0-301F-11D3-BF4B-00C04F79EFBC}") = "Builder Pattern", "Builder Pattern\Builder Pattern.csproj", "{4BD31AFC-DBAB-47A9-BEFE-C9A36F0E9467}"
EndProject
Global
	GlobalSection(SolutionConfigurationPlatforms) = preSolution
		Debug|Any CPU = Debug|Any CPU
		Release|Any CPU = Release|Any CPU
	EndGlobalSection
	GlobalSection(ProjectConfigurationPlatforms) = postSolution
		{0B217D90-5EAF-4D12-97CD-AADA85E76F6D}.Debug|Any CPU.ActiveCfg = Debug|Any CPU
		{0B217D90-5EAF-4D12-97CD-AADA85E76F6D}.Debug|Any CPU.Build.0 = Debug|Any CPU
		{0B217D90-5EAF-4D12-97CD-AADA85E76F6D}.Release|Any CPU.ActiveCfg = Release|Any CPU
		{0B217D90-5EAF-4D12-97CD-AADA85E76F6D}.Release|Any CPU.Build.0 = Release|Any CPU
		{410F589B-3740-4033-93A1-F12BADD559B9}.Debug|Any CPU.ActiveCfg = Debug|Any CPU
		{410F589B-3740-4033-93A1-F12BADD559B9}.Debug|Any CPU.Build.0 = Debug|Any CPU
		{410F589B-3740-4033-93A1-F12BADD559B9}.Release|Any CPU.ActiveCfg = Release|Any CPU
		{410F589B-3740-4033-93A1-F12BADD559B9}.Release|Any CPU.Build.0 = Release|Any CPU
		{4BD31AFC-DBAB-47A9-BEFE-C9A36F0E9467}.Debug|Any CPU.ActiveCfg = Debug|Any CPU
		{4BD31AFC-DBAB-47A9-BEFE-C9A36F0E9467}.Debug|Any CPU.Build.0 = Debug|Any CPU
		{4BD31AFC-DBAB-47A9-BEFE-C9A36F0E9467}.Release|Any CPU.ActiveCfg = Release|Any CPU
		{4BD31AFC-DBAB-47A9-BEFE-C9A36F0E9467}.Release|Any CPU.Build.0 = Release|Any CPU
	EndGlobalSection
	GlobalSection(SolutionProperties) = preSolution
		HideSolutionNode = FALSE
	EndGlobalSection
	GlobalSection(ExtensibilityGlobals) = postSolution
		SolutionGuid = {89AFD06E-548F-4744-A1A7-CE6DE3760B44}
	EndGlobalSection
EndGlobal
